{
  "name": "hydra",
  "lockfileVersion": 3,
  "requires": true,
  "packages": {
    "": {
      "dependencies": {
        "hl7-standard": "^1.0.4",
        "moment": "^2.29.4"
      }
    },
    "node_modules/hl7-standard": {
      "version": "1.0.4",
      "resolved": "https://registry.npmjs.org/hl7-standard/-/hl7-standard-1.0.4.tgz",
      "integrity": "sha512-Dk8U0Q84HrQ5HCS3VXcay3ILrKOqQ1pprHHIxPaq/byi2zrTUwdP+tIv0sF+SI/l4bkET3EnN8yuGuQmOdHvuw=="
    },
    "node_modules/moment": {
      "version": "2.29.4",
      "resolved": "https://registry.npmjs.org/moment/-/moment-2.29.4.tgz",
      "integrity": "sha512-5LC9SOxjSc2HF6vO2CyuTDNivEdoz2IvyJJGj6X8DJ0eFyfszE0QiEd+iXmBvUP3WHxSjFH/vIsA0EN00cgr8w==",
      "engines": {
        "node": "*"
      }
    }
  }
}
